
Microsoft Visual Studio Solution File, Format Version 12.00
# Visual Studio 15
VisualStudioVersion = 15.0.28307.572
MinimumVisualStudioVersion = 10.0.40219.1
Project("{FAE04EC0-301F-11D3-BF4B-00C04F79EFBC}") = "2048", "2048\2048.csproj", "{D5DEB948-2926-41BA-B9F8-4D82E3406016}"
EndProject
Global
	GlobalSection(SolutionConfigurationPlatforms) = preSolution
		Debug|Any CPU = Debug|Any CPU
		Release|Any CPU = Release|Any CPU
	EndGlobalSection
	GlobalSection(ProjectConfigurationPlatforms) = postSolution
		{D5DEB948-2926-41BA-B9F8-4D82E3406016}.Debug|Any CPU.ActiveCfg = Debug|Any CPU
		{D5DEB948-2926-41BA-B9F8-4D82E3406016}.Debug|Any CPU.Build.0 = Debug|Any CPU
		{D5DEB948-2926-41BA-B9F8-4D82E3406016}.Release|Any CPU.ActiveCfg = Release|Any CPU
		{D5DEB948-2926-41BA-B9F8-4D82E3406016}.Release|Any CPU.Build.0 = Release|Any CPU
	EndGlobalSection
	GlobalSection(SolutionProperties) = preSolution
		HideSolutionNode = FALSE
	EndGlobalSection
	GlobalSection(ExtensibilityGlobals) = postSolution
		SolutionGuid = {F48C8D16-8219-4604-B3CB-FF0B9D4951CD}
	EndGlobalSection
EndGlobal
